
Microsoft Visual Studio Solution File, Format Version 12.00
# Visual Studio Version 16
VisualStudioVersion = 16.0.29317.48
MinimumVisualStudioVersion = 10.0.40219.1
Project("{FAE04EC0-301F-11D3-BF4B-00C04F79EFBC}") = "PerfGraphVSIX", "PerfGraphVSIX\PerfGraphVSIX.csproj", "{1CE249E2-A3F2-43F6-A37F-9329FA947660}"
EndProject
Project("{FAE04EC0-301F-11D3-BF4B-00C04F79EFBC}") = "Tests", "Tests\Tests.csproj", "{C32ED027-3EC1-434F-8D62-B470B9CF634A}"
EndProject
Project("{8BC9CEB8-8B4A-11D0-8D11-00A0C91BC942}") = "ClrListener", "ClrListener\ClrListener.vcxproj", "{BC8DE317-DADD-4685-B06F-849FC5518075}"
EndProject
Project("{FAE04EC0-301F-11D3-BF4B-00C04F79EFBC}") = "DumperViewer", "DumperViewer\DumperViewer.csproj", "{006276CD-726B-4A0D-A6EA-57D99480CE1B}"
EndProject
Project("{FAE04EC0-301F-11D3-BF4B-00C04F79EFBC}") = "TestStress", "TestStress\TestStress.csproj", "{A35D7246-53EF-41FA-9BEF-FF8B30CBF75B}"
EndProject
Project("{FAE04EC0-301F-11D3-BF4B-00C04F79EFBC}") = "Microsoft.Test.Stress", "StressTestUtility\Microsoft.Test.Stress.csproj", "{A9794FF3-C487-4801-B634-8DE8C2B7C7EC}"
EndProject
Global
	GlobalSection(SolutionConfigurationPlatforms) = preSolution
		Debug|Any CPU = Debug|Any CPU
		Debug|x64 = Debug|x64
		Debug|x86 = Debug|x86
		Release|Any CPU = Release|Any CPU
		Release|x64 = Release|x64
		Release|x86 = Release|x86
	EndGlobalSection
	GlobalSection(ProjectConfigurationPlatforms) = postSolution
		{1CE249E2-A3F2-43F6-A37F-9329FA947660}.Debug|Any CPU.ActiveCfg = Debug|Any CPU
		{1CE249E2-A3F2-43F6-A37F-9329FA947660}.Debug|Any CPU.Build.0 = Debug|Any CPU
		{1CE249E2-A3F2-43F6-A37F-9329FA947660}.Debug|x64.ActiveCfg = Debug|Any CPU
		{1CE249E2-A3F2-43F6-A37F-9329FA947660}.Debug|x64.Build.0 = Debug|Any CPU
		{1CE249E2-A3F2-43F6-A37F-9329FA947660}.Debug|x86.ActiveCfg = Debug|Any CPU
		{1CE249E2-A3F2-43F6-A37F-9329FA947660}.Debug|x86.Build.0 = Debug|Any CPU
		{1CE249E2-A3F2-43F6-A37F-9329FA947660}.Release|Any CPU.ActiveCfg = Release|Any CPU
		{1CE249E2-A3F2-43F6-A37F-9329FA947660}.Release|Any CPU.Build.0 = Release|Any CPU
		{1CE249E2-A3F2-43F6-A37F-9329FA947660}.Release|x64.ActiveCfg = Release|Any CPU
		{1CE249E2-A3F2-43F6-A37F-9329FA947660}.Release|x64.Build.0 = Release|Any CPU
		{1CE249E2-A3F2-43F6-A37F-9329FA947660}.Release|x86.ActiveCfg = Release|Any CPU
		{1CE249E2-A3F2-43F6-A37F-9329FA947660}.Release|x86.Build.0 = Release|Any CPU
		{C32ED027-3EC1-434F-8D62-B470B9CF634A}.Debug|Any CPU.ActiveCfg = Debug|Any CPU
		{C32ED027-3EC1-434F-8D62-B470B9CF634A}.Debug|Any CPU.Build.0 = Debug|Any CPU
		{C32ED027-3EC1-434F-8D62-B470B9CF634A}.Debug|x64.ActiveCfg = Debug|Any CPU
		{C32ED027-3EC1-434F-8D62-B470B9CF634A}.Debug|x64.Build.0 = Debug|Any CPU
		{C32ED027-3EC1-434F-8D62-B470B9CF634A}.Debug|x86.ActiveCfg = Debug|Any CPU
		{C32ED027-3EC1-434F-8D62-B470B9CF634A}.Debug|x86.Build.0 = Debug|Any CPU
		{C32ED027-3EC1-434F-8D62-B470B9CF634A}.Release|Any CPU.ActiveCfg = Release|Any CPU
		{C32ED027-3EC1-434F-8D62-B470B9CF634A}.Release|Any CPU.Build.0 = Release|Any CPU
		{C32ED027-3EC1-434F-8D62-B470B9CF634A}.Release|x64.ActiveCfg = Release|Any CPU
		{C32ED027-3EC1-434F-8D62-B470B9CF634A}.Release|x64.Build.0 = Release|Any CPU
		{C32ED027-3EC1-434F-8D62-B470B9CF634A}.Release|x86.ActiveCfg = Release|Any CPU
		{C32ED027-3EC1-434F-8D62-B470B9CF634A}.Release|x86.Build.0 = Release|Any CPU
		{BC8DE317-DADD-4685-B06F-849FC5518075}.Debug|Any CPU.ActiveCfg = Debug|Win32
		{BC8DE317-DADD-4685-B06F-849FC5518075}.Debug|Any CPU.Build.0 = Debug|Win32
		{BC8DE317-DADD-4685-B06F-849FC5518075}.Debug|x64.ActiveCfg = Debug|x64
		{BC8DE317-DADD-4685-B06F-849FC5518075}.Debug|x64.Build.0 = Debug|x64
		{BC8DE317-DADD-4685-B06F-849FC5518075}.Debug|x86.ActiveCfg = Debug|Win32
		{BC8DE317-DADD-4685-B06F-849FC5518075}.Debug|x86.Build.0 = Debug|Win32
		{BC8DE317-DADD-4685-B06F-849FC5518075}.Release|Any CPU.ActiveCfg = Release|Win32
		{BC8DE317-DADD-4685-B06F-849FC5518075}.Release|Any CPU.Build.0 = Release|Win32
		{BC8DE317-DADD-4685-B06F-849FC5518075}.Release|x64.ActiveCfg = Release|x64
		{BC8DE317-DADD-4685-B06F-849FC5518075}.Release|x64.Build.0 = Release|x64
		{BC8DE317-DADD-4685-B06F-849FC5518075}.Release|x86.ActiveCfg = Release|Win32
		{BC8DE317-DADD-4685-B06F-849FC5518075}.Release|x86.Build.0 = Release|Win32
		{006276CD-726B-4A0D-A6EA-57D99480CE1B}.Debug|Any CPU.ActiveCfg = Debug|Any CPU
		{006276CD-726B-4A0D-A6EA-57D99480CE1B}.Debug|Any CPU.Build.0 = Debug|Any CPU
		{006276CD-726B-4A0D-A6EA-57D99480CE1B}.Debug|x64.ActiveCfg = Debug|Any CPU
		{006276CD-726B-4A0D-A6EA-57D99480CE1B}.Debug|x64.Build.0 = Debug|Any CPU
		{006276CD-726B-4A0D-A6EA-57D99480CE1B}.Debug|x86.ActiveCfg = Debug|Any CPU
		{006276CD-726B-4A0D-A6EA-57D99480CE1B}.Debug|x86.Build.0 = Debug|Any CPU
		{006276CD-726B-4A0D-A6EA-57D99480CE1B}.Release|Any CPU.ActiveCfg = Release|Any CPU
		{006276CD-726B-4A0D-A6EA-57D99480CE1B}.Release|Any CPU.Build.0 = Release|Any CPU
		{006276CD-726B-4A0D-A6EA-57D99480CE1B}.Release|x64.ActiveCfg = Release|Any CPU
		{006276CD-726B-4A0D-A6EA-57D99480CE1B}.Release|x64.Build.0 = Release|Any CPU
		{006276CD-726B-4A0D-A6EA-57D99480CE1B}.Release|x86.ActiveCfg = Release|Any CPU
		{006276CD-726B-4A0D-A6EA-57D99480CE1B}.Release|x86.Build.0 = Release|Any CPU
		{A35D7246-53EF-41FA-9BEF-FF8B30CBF75B}.Debug|Any CPU.ActiveCfg = Debug|Any CPU
		{A35D7246-53EF-41FA-9BEF-FF8B30CBF75B}.Debug|Any CPU.Build.0 = Debug|Any CPU
		{A35D7246-53EF-41FA-9BEF-FF8B30CBF75B}.Debug|x64.ActiveCfg = Debug|Any CPU
		{A35D7246-53EF-41FA-9BEF-FF8B30CBF75B}.Debug|x64.Build.0 = Debug|Any CPU
		{A35D7246-53EF-41FA-9BEF-FF8B30CBF75B}.Debug|x86.ActiveCfg = Debug|Any CPU
		{A35D7246-53EF-41FA-9BEF-FF8B30CBF75B}.Debug|x86.Build.0 = Debug|Any CPU
		{A35D7246-53EF-41FA-9BEF-FF8B30CBF75B}.Release|Any CPU.ActiveCfg = Release|Any CPU
		{A35D7246-53EF-41FA-9BEF-FF8B30CBF75B}.Release|Any CPU.Build.0 = Release|Any CPU
		{A35D7246-53EF-41FA-9BEF-FF8B30CBF75B}.Release|x64.ActiveCfg = Release|Any CPU
		{A35D7246-53EF-41FA-9BEF-FF8B30CBF75B}.Release|x64.Build.0 = Release|Any CPU
		{A35D7246-53EF-41FA-9BEF-FF8B30CBF75B}.Release|x86.ActiveCfg = Release|Any CPU
		{A35D7246-53EF-41FA-9BEF-FF8B30CBF75B}.Release|x86.Build.0 = Release|Any CPU
		{A9794FF3-C487-4801-B634-8DE8C2B7C7EC}.Debug|Any CPU.ActiveCfg = Debug|Any CPU
		{A9794FF3-C487-4801-B634-8DE8C2B7C7EC}.Debug|Any CPU.Build.0 = Debug|Any CPU
		{A9794FF3-C487-4801-B634-8DE8C2B7C7EC}.Debug|x64.ActiveCfg = Debug|Any CPU
		{A9794FF3-C487-4801-B634-8DE8C2B7C7EC}.Debug|x64.Build.0 = Debug|Any CPU
		{A9794FF3-C487-4801-B634-8DE8C2B7C7EC}.Debug|x86.ActiveCfg = Debug|Any CPU
		{A9794FF3-C487-4801-B634-8DE8C2B7C7EC}.Debug|x86.Build.0 = Debug|Any CPU
		{A9794FF3-C487-4801-B634-8DE8C2B7C7EC}.Release|Any CPU.ActiveCfg = Release|Any CPU
		{A9794FF3-C487-4801-B634-8DE8C2B7C7EC}.Release|Any CPU.Build.0 = Release|Any CPU
		{A9794FF3-C487-4801-B634-8DE8C2B7C7EC}.Release|x64.ActiveCfg = Release|Any CPU
		{A9794FF3-C487-4801-B634-8DE8C2B7C7EC}.Release|x64.Build.0 = Release|Any CPU
		{A9794FF3-C487-4801-B634-8DE8C2B7C7EC}.Release|x86.ActiveCfg = Release|Any CPU
		{A9794FF3-C487-4801-B634-8DE8C2B7C7EC}.Release|x86.Build.0 = Release|Any CPU
	EndGlobalSection
	GlobalSection(SolutionProperties) = preSolution
		HideSolutionNode = FALSE
	EndGlobalSection
	GlobalSection(ExtensibilityGlobals) = postSolution
		SolutionGuid = {7C4E56B0-37BB-450B-8F96-CC065C34FE28}
	EndGlobalSection
EndGlobal
