
Microsoft Visual Studio Solution File, Format Version 12.00
# Visual Studio Version 16
VisualStudioVersion = 16.0.31501.297
MinimumVisualStudioVersion = 10.0.40219.1
Project("{FAE04EC0-301F-11D3-BF4B-00C04F79EFBC}") = "PerfGraphVSIX", "PerfGraphVSIX\PerfGraphVSIX.csproj", "{1CE249E2-A3F2-43F6-A37F-9329FA947660}"
EndProject
Project("{FAE04EC0-301F-11D3-BF4B-00C04F79EFBC}") = "Tests", "Tests\Tests.csproj", "{C32ED027-3EC1-434F-8D62-B470B9CF634A}"
EndProject
Project("{8BC9CEB8-8B4A-11D0-8D11-00A0C91BC942}") = "ClrListener", "ClrListener\ClrListener.vcxproj", "{BC8DE317-DADD-4685-B06F-849FC5518075}"
EndProject
Project("{FAE04EC0-301F-11D3-BF4B-00C04F79EFBC}") = "DumperViewer", "DumperViewer\DumperViewer.csproj", "{006276CD-726B-4A0D-A6EA-57D99480CE1B}"
EndProject
Project("{FAE04EC0-301F-11D3-BF4B-00C04F79EFBC}") = "TestStress", "TestStress\TestStress.csproj", "{A35D7246-53EF-41FA-9BEF-FF8B30CBF75B}"
EndProject
Project("{2150E333-8FDC-42A3-9474-1A3956D46DE8}") = "Microsoft.Test.Stress", "Microsoft.Test.Stress", "{FD6CF5F3-C88C-43E6-A35A-B81C5282D1D2}"
EndProject
Project("{FAE04EC0-301F-11D3-BF4B-00C04F79EFBC}") = "Microsoft.Test.Stress", "Microsoft.Test.Stress\Microsoft.Test.Stress\Microsoft.Test.Stress.csproj", "{A9794FF3-C487-4801-B634-8DE8C2B7C7EC}"
	ProjectSection(ProjectDependencies) = postProject
		{0A981692-0D1D-4412-B03E-55906667D702} = {0A981692-0D1D-4412-B03E-55906667D702}
		{027B9CC4-1B41-4BCE-8FDF-52D34CA9D4C0} = {027B9CC4-1B41-4BCE-8FDF-52D34CA9D4C0}
	EndProjectSection
EndProject
Project("{FAE04EC0-301F-11D3-BF4B-00C04F79EFBC}") = "TestStressDll", "Microsoft.Test.Stress\TestStressDll\TestStressDll.csproj", "{B3AD21C5-8766-412C-BB25-A029617B0429}"
EndProject
Project("{2150E333-8FDC-42A3-9474-1A3956D46DE8}") = "Solution Items", "Solution Items", "{9AD33215-DC38-40C2-AA64-E6A2E2060D37}"
	ProjectSection(SolutionItems) = preProject
		Readme.md = Readme.md
	EndProjectSection
EndProject
Project("{FAE04EC0-301F-11D3-BF4B-00C04F79EFBC}") = "VSHandler32", "Microsoft.Test.Stress\VSHandler32\VSHandler32.csproj", "{027B9CC4-1B41-4BCE-8FDF-52D34CA9D4C0}"
EndProject
Project("{FAE04EC0-301F-11D3-BF4B-00C04F79EFBC}") = "VSHandler64", "Microsoft.Test.Stress\VSHandler64\VSHandler64.csproj", "{0A981692-0D1D-4412-B03E-55906667D702}"
EndProject
Project("{FAE04EC0-301F-11D3-BF4B-00C04F79EFBC}") = "TestStress64", "TestStress64\TestStress64.csproj", "{EE726E24-32BB-48E5-8EB5-D3D9DD2C8E80}"
EndProject
Project("{FAE04EC0-301F-11D3-BF4B-00C04F79EFBC}") = "Definitions", "Microsoft.Test.Stress\Definitions\Definitions.csproj", "{EA339A28-09A1-4635-987E-B044D4600D79}"
EndProject
Global
	GlobalSection(SolutionConfigurationPlatforms) = preSolution
		Debug|Any CPU = Debug|Any CPU
		Debug|x64 = Debug|x64
		Debug|x86 = Debug|x86
		Release|Any CPU = Release|Any CPU
		Release|x64 = Release|x64
		Release|x86 = Release|x86
	EndGlobalSection
	GlobalSection(ProjectConfigurationPlatforms) = postSolution
		{1CE249E2-A3F2-43F6-A37F-9329FA947660}.Debug|Any CPU.ActiveCfg = Debug|Any CPU
		{1CE249E2-A3F2-43F6-A37F-9329FA947660}.Debug|Any CPU.Build.0 = Debug|Any CPU
		{1CE249E2-A3F2-43F6-A37F-9329FA947660}.Debug|x64.ActiveCfg = Debug|Any CPU
		{1CE249E2-A3F2-43F6-A37F-9329FA947660}.Debug|x64.Build.0 = Debug|Any CPU
		{1CE249E2-A3F2-43F6-A37F-9329FA947660}.Debug|x86.ActiveCfg = Debug|Any CPU
		{1CE249E2-A3F2-43F6-A37F-9329FA947660}.Debug|x86.Build.0 = Debug|Any CPU
		{1CE249E2-A3F2-43F6-A37F-9329FA947660}.Release|Any CPU.ActiveCfg = Release|Any CPU
		{1CE249E2-A3F2-43F6-A37F-9329FA947660}.Release|Any CPU.Build.0 = Release|Any CPU
		{1CE249E2-A3F2-43F6-A37F-9329FA947660}.Release|x64.ActiveCfg = Release|Any CPU
		{1CE249E2-A3F2-43F6-A37F-9329FA947660}.Release|x64.Build.0 = Release|Any CPU
		{1CE249E2-A3F2-43F6-A37F-9329FA947660}.Release|x86.ActiveCfg = Release|Any CPU
		{1CE249E2-A3F2-43F6-A37F-9329FA947660}.Release|x86.Build.0 = Release|Any CPU
		{C32ED027-3EC1-434F-8D62-B470B9CF634A}.Debug|Any CPU.ActiveCfg = Debug|Any CPU
		{C32ED027-3EC1-434F-8D62-B470B9CF634A}.Debug|Any CPU.Build.0 = Debug|Any CPU
		{C32ED027-3EC1-434F-8D62-B470B9CF634A}.Debug|x64.ActiveCfg = Debug|Any CPU
		{C32ED027-3EC1-434F-8D62-B470B9CF634A}.Debug|x64.Build.0 = Debug|Any CPU
		{C32ED027-3EC1-434F-8D62-B470B9CF634A}.Debug|x86.ActiveCfg = Debug|Any CPU
		{C32ED027-3EC1-434F-8D62-B470B9CF634A}.Debug|x86.Build.0 = Debug|Any CPU
		{C32ED027-3EC1-434F-8D62-B470B9CF634A}.Release|Any CPU.ActiveCfg = Release|Any CPU
		{C32ED027-3EC1-434F-8D62-B470B9CF634A}.Release|Any CPU.Build.0 = Release|Any CPU
		{C32ED027-3EC1-434F-8D62-B470B9CF634A}.Release|x64.ActiveCfg = Release|Any CPU
		{C32ED027-3EC1-434F-8D62-B470B9CF634A}.Release|x64.Build.0 = Release|Any CPU
		{C32ED027-3EC1-434F-8D62-B470B9CF634A}.Release|x86.ActiveCfg = Release|Any CPU
		{C32ED027-3EC1-434F-8D62-B470B9CF634A}.Release|x86.Build.0 = Release|Any CPU
		{BC8DE317-DADD-4685-B06F-849FC5518075}.Debug|Any CPU.ActiveCfg = Debug|Win32
		{BC8DE317-DADD-4685-B06F-849FC5518075}.Debug|Any CPU.Build.0 = Debug|Win32
		{BC8DE317-DADD-4685-B06F-849FC5518075}.Debug|x64.ActiveCfg = Debug|x64
		{BC8DE317-DADD-4685-B06F-849FC5518075}.Debug|x64.Build.0 = Debug|x64
		{BC8DE317-DADD-4685-B06F-849FC5518075}.Debug|x86.ActiveCfg = Debug|Win32
		{BC8DE317-DADD-4685-B06F-849FC5518075}.Debug|x86.Build.0 = Debug|Win32
		{BC8DE317-DADD-4685-B06F-849FC5518075}.Release|Any CPU.ActiveCfg = Release|Win32
		{BC8DE317-DADD-4685-B06F-849FC5518075}.Release|Any CPU.Build.0 = Release|Win32
		{BC8DE317-DADD-4685-B06F-849FC5518075}.Release|x64.ActiveCfg = Release|x64
		{BC8DE317-DADD-4685-B06F-849FC5518075}.Release|x64.Build.0 = Release|x64
		{BC8DE317-DADD-4685-B06F-849FC5518075}.Release|x86.ActiveCfg = Release|Win32
		{BC8DE317-DADD-4685-B06F-849FC5518075}.Release|x86.Build.0 = Release|Win32
		{006276CD-726B-4A0D-A6EA-57D99480CE1B}.Debug|Any CPU.ActiveCfg = Debug|Any CPU
		{006276CD-726B-4A0D-A6EA-57D99480CE1B}.Debug|Any CPU.Build.0 = Debug|Any CPU
		{006276CD-726B-4A0D-A6EA-57D99480CE1B}.Debug|x64.ActiveCfg = Debug|Any CPU
		{006276CD-726B-4A0D-A6EA-57D99480CE1B}.Debug|x64.Build.0 = Debug|Any CPU
		{006276CD-726B-4A0D-A6EA-57D99480CE1B}.Debug|x86.ActiveCfg = Debug|Any CPU
		{006276CD-726B-4A0D-A6EA-57D99480CE1B}.Debug|x86.Build.0 = Debug|Any CPU
		{006276CD-726B-4A0D-A6EA-57D99480CE1B}.Release|Any CPU.ActiveCfg = Release|Any CPU
		{006276CD-726B-4A0D-A6EA-57D99480CE1B}.Release|Any CPU.Build.0 = Release|Any CPU
		{006276CD-726B-4A0D-A6EA-57D99480CE1B}.Release|x64.ActiveCfg = Release|Any CPU
		{006276CD-726B-4A0D-A6EA-57D99480CE1B}.Release|x64.Build.0 = Release|Any CPU
		{006276CD-726B-4A0D-A6EA-57D99480CE1B}.Release|x86.ActiveCfg = Release|Any CPU
		{006276CD-726B-4A0D-A6EA-57D99480CE1B}.Release|x86.Build.0 = Release|Any CPU
		{A35D7246-53EF-41FA-9BEF-FF8B30CBF75B}.Debug|Any CPU.ActiveCfg = Debug|Any CPU
		{A35D7246-53EF-41FA-9BEF-FF8B30CBF75B}.Debug|Any CPU.Build.0 = Debug|Any CPU
		{A35D7246-53EF-41FA-9BEF-FF8B30CBF75B}.Debug|x64.ActiveCfg = Debug|Any CPU
		{A35D7246-53EF-41FA-9BEF-FF8B30CBF75B}.Debug|x64.Build.0 = Debug|Any CPU
		{A35D7246-53EF-41FA-9BEF-FF8B30CBF75B}.Debug|x86.ActiveCfg = Debug|Any CPU
		{A35D7246-53EF-41FA-9BEF-FF8B30CBF75B}.Debug|x86.Build.0 = Debug|Any CPU
		{A35D7246-53EF-41FA-9BEF-FF8B30CBF75B}.Release|Any CPU.ActiveCfg = Release|Any CPU
		{A35D7246-53EF-41FA-9BEF-FF8B30CBF75B}.Release|Any CPU.Build.0 = Release|Any CPU
		{A35D7246-53EF-41FA-9BEF-FF8B30CBF75B}.Release|x64.ActiveCfg = Release|Any CPU
		{A35D7246-53EF-41FA-9BEF-FF8B30CBF75B}.Release|x64.Build.0 = Release|Any CPU
		{A35D7246-53EF-41FA-9BEF-FF8B30CBF75B}.Release|x86.ActiveCfg = Release|Any CPU
		{A35D7246-53EF-41FA-9BEF-FF8B30CBF75B}.Release|x86.Build.0 = Release|Any CPU
		{A9794FF3-C487-4801-B634-8DE8C2B7C7EC}.Debug|Any CPU.ActiveCfg = Debug|Any CPU
		{A9794FF3-C487-4801-B634-8DE8C2B7C7EC}.Debug|Any CPU.Build.0 = Debug|Any CPU
		{A9794FF3-C487-4801-B634-8DE8C2B7C7EC}.Debug|x64.ActiveCfg = Debug|Any CPU
		{A9794FF3-C487-4801-B634-8DE8C2B7C7EC}.Debug|x64.Build.0 = Debug|Any CPU
		{A9794FF3-C487-4801-B634-8DE8C2B7C7EC}.Debug|x86.ActiveCfg = Debug|Any CPU
		{A9794FF3-C487-4801-B634-8DE8C2B7C7EC}.Debug|x86.Build.0 = Debug|Any CPU
		{A9794FF3-C487-4801-B634-8DE8C2B7C7EC}.Release|Any CPU.ActiveCfg = Release|Any CPU
		{A9794FF3-C487-4801-B634-8DE8C2B7C7EC}.Release|Any CPU.Build.0 = Release|Any CPU
		{A9794FF3-C487-4801-B634-8DE8C2B7C7EC}.Release|x64.ActiveCfg = Release|Any CPU
		{A9794FF3-C487-4801-B634-8DE8C2B7C7EC}.Release|x64.Build.0 = Release|Any CPU
		{A9794FF3-C487-4801-B634-8DE8C2B7C7EC}.Release|x86.ActiveCfg = Release|Any CPU
		{A9794FF3-C487-4801-B634-8DE8C2B7C7EC}.Release|x86.Build.0 = Release|Any CPU
		{B3AD21C5-8766-412C-BB25-A029617B0429}.Debug|Any CPU.ActiveCfg = Debug|Any CPU
		{B3AD21C5-8766-412C-BB25-A029617B0429}.Debug|Any CPU.Build.0 = Debug|Any CPU
		{B3AD21C5-8766-412C-BB25-A029617B0429}.Debug|x64.ActiveCfg = Debug|Any CPU
		{B3AD21C5-8766-412C-BB25-A029617B0429}.Debug|x64.Build.0 = Debug|Any CPU
		{B3AD21C5-8766-412C-BB25-A029617B0429}.Debug|x86.ActiveCfg = Debug|Any CPU
		{B3AD21C5-8766-412C-BB25-A029617B0429}.Debug|x86.Build.0 = Debug|Any CPU
		{B3AD21C5-8766-412C-BB25-A029617B0429}.Release|Any CPU.ActiveCfg = Release|Any CPU
		{B3AD21C5-8766-412C-BB25-A029617B0429}.Release|Any CPU.Build.0 = Release|Any CPU
		{B3AD21C5-8766-412C-BB25-A029617B0429}.Release|x64.ActiveCfg = Release|Any CPU
		{B3AD21C5-8766-412C-BB25-A029617B0429}.Release|x64.Build.0 = Release|Any CPU
		{B3AD21C5-8766-412C-BB25-A029617B0429}.Release|x86.ActiveCfg = Release|Any CPU
		{B3AD21C5-8766-412C-BB25-A029617B0429}.Release|x86.Build.0 = Release|Any CPU
		{027B9CC4-1B41-4BCE-8FDF-52D34CA9D4C0}.Debug|Any CPU.ActiveCfg = Debug|Any CPU
		{027B9CC4-1B41-4BCE-8FDF-52D34CA9D4C0}.Debug|Any CPU.Build.0 = Debug|Any CPU
		{027B9CC4-1B41-4BCE-8FDF-52D34CA9D4C0}.Debug|x64.ActiveCfg = Debug|Any CPU
		{027B9CC4-1B41-4BCE-8FDF-52D34CA9D4C0}.Debug|x64.Build.0 = Debug|Any CPU
		{027B9CC4-1B41-4BCE-8FDF-52D34CA9D4C0}.Debug|x86.ActiveCfg = Debug|Any CPU
		{027B9CC4-1B41-4BCE-8FDF-52D34CA9D4C0}.Debug|x86.Build.0 = Debug|Any CPU
		{027B9CC4-1B41-4BCE-8FDF-52D34CA9D4C0}.Release|Any CPU.ActiveCfg = Release|Any CPU
		{027B9CC4-1B41-4BCE-8FDF-52D34CA9D4C0}.Release|Any CPU.Build.0 = Release|Any CPU
		{027B9CC4-1B41-4BCE-8FDF-52D34CA9D4C0}.Release|x64.ActiveCfg = Release|Any CPU
		{027B9CC4-1B41-4BCE-8FDF-52D34CA9D4C0}.Release|x64.Build.0 = Release|Any CPU
		{027B9CC4-1B41-4BCE-8FDF-52D34CA9D4C0}.Release|x86.ActiveCfg = Release|Any CPU
		{027B9CC4-1B41-4BCE-8FDF-52D34CA9D4C0}.Release|x86.Build.0 = Release|Any CPU
		{0A981692-0D1D-4412-B03E-55906667D702}.Debug|Any CPU.ActiveCfg = Debug|Any CPU
		{0A981692-0D1D-4412-B03E-55906667D702}.Debug|Any CPU.Build.0 = Debug|Any CPU
		{0A981692-0D1D-4412-B03E-55906667D702}.Debug|x64.ActiveCfg = Debug|Any CPU
		{0A981692-0D1D-4412-B03E-55906667D702}.Debug|x64.Build.0 = Debug|Any CPU
		{0A981692-0D1D-4412-B03E-55906667D702}.Debug|x86.ActiveCfg = Debug|Any CPU
		{0A981692-0D1D-4412-B03E-55906667D702}.Debug|x86.Build.0 = Debug|Any CPU
		{0A981692-0D1D-4412-B03E-55906667D702}.Release|Any CPU.ActiveCfg = Release|Any CPU
		{0A981692-0D1D-4412-B03E-55906667D702}.Release|Any CPU.Build.0 = Release|Any CPU
		{0A981692-0D1D-4412-B03E-55906667D702}.Release|x64.ActiveCfg = Release|Any CPU
		{0A981692-0D1D-4412-B03E-55906667D702}.Release|x64.Build.0 = Release|Any CPU
		{0A981692-0D1D-4412-B03E-55906667D702}.Release|x86.ActiveCfg = Release|Any CPU
		{0A981692-0D1D-4412-B03E-55906667D702}.Release|x86.Build.0 = Release|Any CPU
		{EE726E24-32BB-48E5-8EB5-D3D9DD2C8E80}.Debug|Any CPU.ActiveCfg = Debug|Any CPU
		{EE726E24-32BB-48E5-8EB5-D3D9DD2C8E80}.Debug|Any CPU.Build.0 = Debug|Any CPU
		{EE726E24-32BB-48E5-8EB5-D3D9DD2C8E80}.Debug|x64.ActiveCfg = Debug|Any CPU
		{EE726E24-32BB-48E5-8EB5-D3D9DD2C8E80}.Debug|x64.Build.0 = Debug|Any CPU
		{EE726E24-32BB-48E5-8EB5-D3D9DD2C8E80}.Debug|x86.ActiveCfg = Debug|Any CPU
		{EE726E24-32BB-48E5-8EB5-D3D9DD2C8E80}.Debug|x86.Build.0 = Debug|Any CPU
		{EE726E24-32BB-48E5-8EB5-D3D9DD2C8E80}.Release|Any CPU.ActiveCfg = Release|Any CPU
		{EE726E24-32BB-48E5-8EB5-D3D9DD2C8E80}.Release|Any CPU.Build.0 = Release|Any CPU
		{EE726E24-32BB-48E5-8EB5-D3D9DD2C8E80}.Release|x64.ActiveCfg = Release|Any CPU
		{EE726E24-32BB-48E5-8EB5-D3D9DD2C8E80}.Release|x64.Build.0 = Release|Any CPU
		{EE726E24-32BB-48E5-8EB5-D3D9DD2C8E80}.Release|x86.ActiveCfg = Release|Any CPU
		{EE726E24-32BB-48E5-8EB5-D3D9DD2C8E80}.Release|x86.Build.0 = Release|Any CPU
		{EA339A28-09A1-4635-987E-B044D4600D79}.Debug|Any CPU.ActiveCfg = Debug|Any CPU
		{EA339A28-09A1-4635-987E-B044D4600D79}.Debug|Any CPU.Build.0 = Debug|Any CPU
		{EA339A28-09A1-4635-987E-B044D4600D79}.Debug|x64.ActiveCfg = Debug|Any CPU
		{EA339A28-09A1-4635-987E-B044D4600D79}.Debug|x64.Build.0 = Debug|Any CPU
		{EA339A28-09A1-4635-987E-B044D4600D79}.Debug|x86.ActiveCfg = Debug|Any CPU
		{EA339A28-09A1-4635-987E-B044D4600D79}.Debug|x86.Build.0 = Debug|Any CPU
		{EA339A28-09A1-4635-987E-B044D4600D79}.Release|Any CPU.ActiveCfg = Release|Any CPU
		{EA339A28-09A1-4635-987E-B044D4600D79}.Release|Any CPU.Build.0 = Release|Any CPU
		{EA339A28-09A1-4635-987E-B044D4600D79}.Release|x64.ActiveCfg = Release|Any CPU
		{EA339A28-09A1-4635-987E-B044D4600D79}.Release|x64.Build.0 = Release|Any CPU
		{EA339A28-09A1-4635-987E-B044D4600D79}.Release|x86.ActiveCfg = Release|Any CPU
		{EA339A28-09A1-4635-987E-B044D4600D79}.Release|x86.Build.0 = Release|Any CPU
	EndGlobalSection
	GlobalSection(SolutionProperties) = preSolution
		HideSolutionNode = FALSE
	EndGlobalSection
	GlobalSection(NestedProjects) = preSolution
		{A9794FF3-C487-4801-B634-8DE8C2B7C7EC} = {FD6CF5F3-C88C-43E6-A35A-B81C5282D1D2}
		{B3AD21C5-8766-412C-BB25-A029617B0429} = {FD6CF5F3-C88C-43E6-A35A-B81C5282D1D2}
		{027B9CC4-1B41-4BCE-8FDF-52D34CA9D4C0} = {FD6CF5F3-C88C-43E6-A35A-B81C5282D1D2}
		{0A981692-0D1D-4412-B03E-55906667D702} = {FD6CF5F3-C88C-43E6-A35A-B81C5282D1D2}
		{EA339A28-09A1-4635-987E-B044D4600D79} = {FD6CF5F3-C88C-43E6-A35A-B81C5282D1D2}
	EndGlobalSection
	GlobalSection(ExtensibilityGlobals) = postSolution
		SolutionGuid = {7C4E56B0-37BB-450B-8F96-CC065C34FE28}
	EndGlobalSection
EndGlobal
